// !$*UTF8*$!
{
	archiveVersion = 1;
	classes = {
	};
	objectVersion = 56;
	objects = {

/* Begin PBXBuildFile section */
		AA000001 /* MousikeApp.swift in Sources */ = {isa = PBXBuildFile; fileRef = AB000001; };
		AA000002 /* AudioPlayerViewModel.swift in Sources */ = {isa = PBXBuildFile; fileRef = AB000002; };
		AA000003 /* Track.swift in Sources */ = {isa = PBXBuildFile; fileRef = AB000003; };
		AA000004 /* Theme.swift in Sources */ = {isa = PBXBuildFile; fileRef = AB000004; };
		AA000005 /* ThemeManager.swift in Sources */ = {isa = PBXBuildFile; fileRef = AB000005; };
		AA000006 /* PlayerView.swift in Sources */ = {isa = PBXBuildFile; fileRef = AB000006; };
		AA000007 /* PlaylistView.swift in Sources */ = {isa = PBXBuildFile; fileRef = AB000007; };
		AA000008 /* ThemePickerView.swift in Sources */ = {isa = PBXBuildFile; fileRef = AB000008; };
		AA000009 /* VisualizerView.swift in Sources */ = {isa = PBXBuildFile; fileRef = AB000009; };
		AA000010 /* Assets.xcassets in Resources */ = {isa = PBXBuildFile; fileRef = AB000010; };
		AA000011 /* ContentView.swift in Sources */ = {isa = PBXBuildFile; fileRef = AB000011; };
		AA000012 /* SpectrumAnalyzer.swift in Sources */ = {isa = PBXBuildFile; fileRef = AB000012; };
/* End PBXBuildFile section */

/* Begin PBXFileReference section */
		AB000001 /* MousikeApp.swift */ = {isa = PBXFileReference; lastKnownFileType = sourcecode.swift; path = MousikeApp.swift; sourceTree = "<group>"; };
		AB000002 /* AudioPlayerViewModel.swift */ = {isa = PBXFileReference; lastKnownFileType = sourcecode.swift; path = AudioPlayerViewModel.swift; sourceTree = "<group>"; };
		AB000003 /* Track.swift */ = {isa = PBXFileReference; lastKnownFileType = sourcecode.swift; path = Track.swift; sourceTree = "<group>"; };
		AB000004 /* Theme.swift */ = {isa = PBXFileReference; lastKnownFileType = sourcecode.swift; path = Theme.swift; sourceTree = "<group>"; };
		AB000005 /* ThemeManager.swift */ = {isa = PBXFileReference; lastKnownFileType = sourcecode.swift; path = ThemeManager.swift; sourceTree = "<group>"; };
		AB000006 /* PlayerView.swift */ = {isa = PBXFileReference; lastKnownFileType = sourcecode.swift; path = PlayerView.swift; sourceTree = "<group>"; };
		AB000007 /* PlaylistView.swift */ = {isa = PBXFileReference; lastKnownFileType = sourcecode.swift; path = PlaylistView.swift; sourceTree = "<group>"; };
		AB000008 /* ThemePickerView.swift */ = {isa = PBXFileReference; lastKnownFileType = sourcecode.swift; path = ThemePickerView.swift; sourceTree = "<group>"; };
		AB000009 /* VisualizerView.swift */ = {isa = PBXFileReference; lastKnownFileType = sourcecode.swift; path = VisualizerView.swift; sourceTree = "<group>"; };
		AB000010 /* Assets.xcassets */ = {isa = PBXFileReference; lastKnownFileType = folder.assetcatalog; path = Assets.xcassets; sourceTree = "<group>"; };
		AB000011 /* ContentView.swift */ = {isa = PBXFileReference; lastKnownFileType = sourcecode.swift; path = ContentView.swift; sourceTree = "<group>"; };
		AB000012 /* SpectrumAnalyzer.swift */ = {isa = PBXFileReference; lastKnownFileType = sourcecode.swift; path = SpectrumAnalyzer.swift; sourceTree = "<group>"; };
		AB000020 /* Mousike.app */ = {isa = PBXFileReference; explicitFileType = wrapper.application; includeInIndex = 0; path = Mousike.app; sourceTree = BUILT_PRODUCTS_DIR; };
		AB000030 /* Mousike.entitlements */ = {isa = PBXFileReference; lastKnownFileType = text.plist.entitlements; path = Mousike.entitlements; sourceTree = "<group>"; };
		AB000031 /* Info.plist */ = {isa = PBXFileReference; lastKnownFileType = text.plist.xml; path = Info.plist; sourceTree = "<group>"; };
/* End PBXFileReference section */

/* Begin PBXFrameworksBuildPhase section */
		AC000001 /* Frameworks */ = {
			isa = PBXFrameworksBuildPhase;
			buildActionMask = 2147483647;
			files = (
			);
			runOnlyForDeploymentPostprocessing = 0;
		};
/* End PBXFrameworksBuildPhase section */

/* Begin PBXGroup section */
		AD000001 = {
			isa = PBXGroup;
			children = (
				AD000002 /* Mousike */,
				AD000010 /* Products */,
			);
			sourceTree = "<group>";
		};
		AD000002 /* Mousike */ = {
			isa = PBXGroup;
			children = (
				AB000001 /* MousikeApp.swift */,
				AB000011 /* ContentView.swift */,
				AD000003 /* Models */,
				AD000004 /* ViewModels */,
				AD000005 /* Views */,
				AD000006 /* Themes */,
				AB000010 /* Assets.xcassets */,
				AB000030 /* Mousike.entitlements */,
				AB000031 /* Info.plist */,
			);
			path = Mousike;
			sourceTree = "<group>";
		};
		AD000003 /* Models */ = {
			isa = PBXGroup;
			children = (
				AB000003 /* Track.swift */,
				AB000004 /* Theme.swift */,
			);
			path = Models;
			sourceTree = "<group>";
		};
		AD000004 /* ViewModels */ = {
			isa = PBXGroup;
			children = (
				AB000002 /* AudioPlayerViewModel.swift */,
				AB000012 /* SpectrumAnalyzer.swift */,
			);
			path = ViewModels;
			sourceTree = "<group>";
		};
		AD000005 /* Views */ = {
			isa = PBXGroup;
			children = (
				AB000006 /* PlayerView.swift */,
				AB000007 /* PlaylistView.swift */,
				AB000008 /* ThemePickerView.swift */,
				AB000009 /* VisualizerView.swift */,
			);
			path = Views;
			sourceTree = "<group>";
		};
		AD000006 /* Themes */ = {
			isa = PBXGroup;
			children = (
				AB000005 /* ThemeManager.swift */,
			);
			path = Themes;
			sourceTree = "<group>";
		};
		AD000010 /* Products */ = {
			isa = PBXGroup;
			children = (
				AB000020 /* Mousike.app */,
			);
			name = Products;
			sourceTree = "<group>";
		};
/* End PBXGroup section */

/* Begin PBXNativeTarget section */
		AE000001 /* Mousike */ = {
			isa = PBXNativeTarget;
			buildConfigurationList = AF000003;
			buildPhases = (
				AE000002 /* Sources */,
				AC000001 /* Frameworks */,
				AE000003 /* Resources */,
			);
			buildRules = (
			);
			dependencies = (
			);
			name = Mousike;
			productName = Mousike;
			productReference = AB000020;
			productType = "com.apple.product-type.application";
		};
/* End PBXNativeTarget section */

/* Begin PBXProject section */
		AE000010 /* Project object */ = {
			isa = PBXProject;
			attributes = {
				BuildIndependentTargetsInParallel = 1;
				LastSwiftUpdateCheck = 1500;
				LastUpgradeCheck = 1500;
				TargetAttributes = {
					AE000001 = {
						CreatedOnToolsVersion = 15.0;
					};
				};
			};
			buildConfigurationList = AF000001;
			compatibilityVersion = "Xcode 14.0";
			developmentRegion = en;
			hasScannedForEncodings = 0;
			knownRegions = (
				en,
				Base,
			);
			mainGroup = AD000001;
			productRefGroup = AD000010;
			projectDirPath = "";
			projectRoot = "";
			targets = (
				AE000001 /* Mousike */,
			);
		};
/* End PBXProject section */

/* Begin PBXResourcesBuildPhase section */
		AE000003 /* Resources */ = {
			isa = PBXResourcesBuildPhase;
			buildActionMask = 2147483647;
			files = (
				AA000010 /* Assets.xcassets in Resources */,
			);
			runOnlyForDeploymentPostprocessing = 0;
		};
/* End PBXResourcesBuildPhase section */

/* Begin PBXSourcesBuildPhase section */
		AE000002 /* Sources */ = {
			isa = PBXSourcesBuildPhase;
			buildActionMask = 2147483647;
			files = (
				AA000001 /* MousikeApp.swift in Sources */,
				AA000002 /* AudioPlayerViewModel.swift in Sources */,
				AA000003 /* Track.swift in Sources */,
				AA000004 /* Theme.swift in Sources */,
				AA000005 /* ThemeManager.swift in Sources */,
				AA000006 /* PlayerView.swift in Sources */,
				AA000007 /* PlaylistView.swift in Sources */,
				AA000008 /* ThemePickerView.swift in Sources */,
				AA000009 /* VisualizerView.swift in Sources */,
				AA000011 /* ContentView.swift in Sources */,
				AA000012 /* SpectrumAnalyzer.swift in Sources */,
			);
			runOnlyForDeploymentPostprocessing = 0;
		};
/* End PBXSourcesBuildPhase section */

/* Begin XCBuildConfiguration section */
		AF000010 /* Debug */ = {
			isa = XCBuildConfiguration;
			buildSettings = {
				ALWAYS_SEARCH_USER_PATHS = NO;
				ASSETCATALOG_COMPILER_GENERATE_SWIFT_ASSET_SYMBOL_EXTENSIONS = YES;
				CLANG_ANALYZER_NONNULL = YES;
				CLANG_CXX_LANGUAGE_STANDARD = "gnu++20";
				CLANG_ENABLE_MODULES = YES;
				CLANG_ENABLE_OBJC_ARC = YES;
				COPY_PHASE_STRIP = NO;
				DEBUG_INFORMATION_FORMAT = dwarf;
				ENABLE_STRICT_OBJC_MSGSEND = YES;
				ENABLE_TESTABILITY = YES;
				GCC_DYNAMIC_NO_PIC = NO;
				GCC_OPTIMIZATION_LEVEL = 0;
				GCC_WARN_ABOUT_RETURN_TYPE = YES_ERROR;
				GCC_WARN_UNINITIALIZED_AUTOS = YES_AGGRESSIVE;
				MACOSX_DEPLOYMENT_TARGET = 14.0;
				MTL_ENABLE_DEBUG_INFO = INCLUDE_SOURCE;
				ONLY_ACTIVE_ARCH = YES;
				SDKROOT = macosx;
				SWIFT_ACTIVE_COMPILATION_CONDITIONS = "DEBUG $(inherited)";
				SWIFT_OPTIMIZATION_LEVEL = "-Onone";
			};
			name = Debug;
		};
		AF000011 /* Release */ = {
			isa = XCBuildConfiguration;
			buildSettings = {
				ALWAYS_SEARCH_USER_PATHS = NO;
				ASSETCATALOG_COMPILER_GENERATE_SWIFT_ASSET_SYMBOL_EXTENSIONS = YES;
				CLANG_ANALYZER_NONNULL = YES;
				CLANG_CXX_LANGUAGE_STANDARD = "gnu++20";
				CLANG_ENABLE_MODULES = YES;
				CLANG_ENABLE_OBJC_ARC = YES;
				COPY_PHASE_STRIP = NO;
				DEBUG_INFORMATION_FORMAT = "dwarf-with-dsym";
				ENABLE_NS_ASSERTIONS = NO;
				ENABLE_STRICT_OBJC_MSGSEND = YES;
				GCC_WARN_ABOUT_RETURN_TYPE = YES_ERROR;
				GCC_WARN_UNINITIALIZED_AUTOS = YES_AGGRESSIVE;
				MACOSX_DEPLOYMENT_TARGET = 14.0;
				SDKROOT = macosx;
				SWIFT_COMPILATION_MODE = wholemodule;
			};
			name = Release;
		};
		AF000020 /* Debug */ = {
			isa = XCBuildConfiguration;
			buildSettings = {
				ASSETCATALOG_COMPILER_APPICON_NAME = AppIcon;
				CODE_SIGN_ENTITLEMENTS = Mousike/Mousike.entitlements;
				CODE_SIGN_STYLE = Automatic;
				COMBINE_HIDPI_IMAGES = YES;
				CURRENT_PROJECT_VERSION = 1;
				DEVELOPMENT_ASSET_PATHS = "";
				ENABLE_HARDENED_RUNTIME = YES;
				GENERATE_INFOPLIST_FILE = YES;
				INFOPLIST_FILE = Mousike/Info.plist;
				INFOPLIST_KEY_LSApplicationCategoryType = "public.app-category.music";
				INFOPLIST_KEY_NSHumanReadableCopyright = "";
				LD_RUNPATH_SEARCH_PATHS = (
					"$(inherited)",
					"@executable_path/../Frameworks",
				);
				MARKETING_VERSION = 1.0;
				PRODUCT_BUNDLE_IDENTIFIER = com.mousike.app;
				PRODUCT_NAME = "$(TARGET_NAME)";
				SWIFT_EMIT_LOC_STRINGS = YES;
				SWIFT_VERSION = 5.0;
			};
			name = Debug;
		};
		AF000021 /* Release */ = {
			isa = XCBuildConfiguration;
			buildSettings = {
				ASSETCATALOG_COMPILER_APPICON_NAME = AppIcon;
				CODE_SIGN_ENTITLEMENTS = Mousike/Mousike.entitlements;
				CODE_SIGN_STYLE = Automatic;
				COMBINE_HIDPI_IMAGES = YES;
				CURRENT_PROJECT_VERSION = 1;
				DEVELOPMENT_ASSET_PATHS = "";
				ENABLE_HARDENED_RUNTIME = YES;
				GENERATE_INFOPLIST_FILE = YES;
				INFOPLIST_FILE = Mousike/Info.plist;
				INFOPLIST_KEY_LSApplicationCategoryType = "public.app-category.music";
				INFOPLIST_KEY_NSHumanReadableCopyright = "";
				LD_RUNPATH_SEARCH_PATHS = (
					"$(inherited)",
					"@executable_path/../Frameworks",
				);
				MARKETING_VERSION = 1.0;
				PRODUCT_BUNDLE_IDENTIFIER = com.mousike.app;
				PRODUCT_NAME = "$(TARGET_NAME)";
				SWIFT_EMIT_LOC_STRINGS = YES;
				SWIFT_VERSION = 5.0;
			};
			name = Release;
		};
/* End XCBuildConfiguration section */

/* Begin XCConfigurationList section */
		AF000001 /* Build configuration list for PBXProject "Mousike" */ = {
			isa = XCConfigurationList;
			buildConfigurations = (
				AF000010 /* Debug */,
				AF000011 /* Release */,
			);
			defaultConfigurationIsVisible = 0;
			defaultConfigurationName = Release;
		};
		AF000003 /* Build configuration list for PBXNativeTarget "Mousike" */ = {
			isa = XCConfigurationList;
			buildConfigurations = (
				AF000020 /* Debug */,
				AF000021 /* Release */,
			);
			defaultConfigurationIsVisible = 0;
			defaultConfigurationName = Release;
		};
/* End XCConfigurationList section */
	};
	rootObject = AE000010 /* Project object */;
}
